// !$*UTF8*$!
{
	archiveVersion = 1;
	classes = {
	};
	objectVersion = 48;
	objects = {

/* Begin PBXBuildFile section */
		9A287AD42065722C00B35C5C /* GraphTester.cpp in Sources */ = {isa = PBXBuildFile; fileRef = 9A287AD22065722C00B35C5C /* GraphTester.cpp */; };
		9A301CB5204DC5740077AF97 /* RecursionTester.cpp in Sources */ = {isa = PBXBuildFile; fileRef = 9A301CB3204DC5740077AF97 /* RecursionTester.cpp */; };
		9A60A35E203CB8E0008C5701 /* LinkedListTester.cpp in Sources */ = {isa = PBXBuildFile; fileRef = 9A60A35C203CB8E0008C5701 /* LinkedListTester.cpp */; };
		9A771B08206ACA25007725D4 /* BinaryTreeTester.cpp in Sources */ = {isa = PBXBuildFile; fileRef = 9A771B06206ACA25007725D4 /* BinaryTreeTester.cpp */; };
		9A9079792022441100C380E9 /* Runner.cpp in Sources */ = {isa = PBXBuildFile; fileRef = 9A9079782022441100C380E9 /* Runner.cpp */; };
		9A90797D2022444700C380E9 /* Controller.cpp in Sources */ = {isa = PBXBuildFile; fileRef = 9A90797B2022444700C380E9 /* Controller.cpp */; };
		9A9079812022473600C380E9 /* Timer.cpp in Sources */ = {isa = PBXBuildFile; fileRef = 9A90797F2022473600C380E9 /* Timer.cpp */; };
		9A90798420224DD100C380E9 /* FileController.cpp in Sources */ = {isa = PBXBuildFile; fileRef = 9A90798220224DD100C380E9 /* FileController.cpp */; };
		9A90798C2022573E00C380E9 /* CrimeData.cpp in Sources */ = {isa = PBXBuildFile; fileRef = 9A90798A202253A800C380E9 /* CrimeData.cpp */; };
		9A908BEB202A33B300CBEF3C /* ArrayTester.cpp in Sources */ = {isa = PBXBuildFile; fileRef = 9A908BE9202A33B300CBEF3C /* ArrayTester.cpp */; };
		9AE3279B205AE955004D67C8 /* SortingTester.cpp in Sources */ = {isa = PBXBuildFile; fileRef = 9AE32799205AE955004D67C8 /* SortingTester.cpp */; };
		9AEE9FC620473F96000060EE /* TestingStacksAndQueues.cpp in Sources */ = {isa = PBXBuildFile; fileRef = 9AEE9FC420473F96000060EE /* TestingStacksAndQueues.cpp */; };
/* End PBXBuildFile section */

/* Begin PBXCopyFilesBuildPhase section */
		9A90796C2022436800C380E9 /* CopyFiles */ = {
			isa = PBXCopyFilesBuildPhase;
			buildActionMask = 2147483647;
			dstPath = /usr/share/man/man1/;
			dstSubfolderSpec = 0;
			files = (
			);
			runOnlyForDeploymentPostprocessing = 1;
		};
/* End PBXCopyFilesBuildPhase section */

/* Begin PBXFileReference section */
		9A287AD22065722C00B35C5C /* GraphTester.cpp */ = {isa = PBXFileReference; lastKnownFileType = sourcecode.cpp.cpp; path = GraphTester.cpp; sourceTree = "<group>"; };
		9A287AD32065722C00B35C5C /* GraphTester.hpp */ = {isa = PBXFileReference; lastKnownFileType = sourcecode.cpp.h; path = GraphTester.hpp; sourceTree = "<group>"; };
		9A301CB3204DC5740077AF97 /* RecursionTester.cpp */ = {isa = PBXFileReference; lastKnownFileType = sourcecode.cpp.cpp; path = RecursionTester.cpp; sourceTree = "<group>"; };
		9A301CB4204DC5740077AF97 /* RecursionTester.hpp */ = {isa = PBXFileReference; lastKnownFileType = sourcecode.cpp.h; path = RecursionTester.hpp; sourceTree = "<group>"; };
		9A60A35C203CB8E0008C5701 /* LinkedListTester.cpp */ = {isa = PBXFileReference; lastKnownFileType = sourcecode.cpp.cpp; path = LinkedListTester.cpp; sourceTree = "<group>"; };
		9A60A35D203CB8E0008C5701 /* LinkedListTester.hpp */ = {isa = PBXFileReference; lastKnownFileType = sourcecode.cpp.h; path = LinkedListTester.hpp; sourceTree = "<group>"; };
		9A6F25DB203F4A2100BBBB06 /* Stack.hpp */ = {isa = PBXFileReference; lastKnownFileType = sourcecode.cpp.h; path = Stack.hpp; sourceTree = "<group>"; };
		9A6F25DE203F511A00BBBB06 /* Queue.hpp */ = {isa = PBXFileReference; lastKnownFileType = sourcecode.cpp.h; path = Queue.hpp; sourceTree = "<group>"; };
		9A6F4E612024EF0600C9EF55 /* Array.hpp */ = {isa = PBXFileReference; lastKnownFileType = sourcecode.cpp.h; path = Array.hpp; sourceTree = "<group>"; };
		9A771B04206AC01D007725D4 /* BinaryTreeNode.hpp */ = {isa = PBXFileReference; lastKnownFileType = sourcecode.cpp.h; path = BinaryTreeNode.hpp; sourceTree = "<group>"; };
		9A771B06206ACA25007725D4 /* BinaryTreeTester.cpp */ = {isa = PBXFileReference; lastKnownFileType = sourcecode.cpp.cpp; path = BinaryTreeTester.cpp; sourceTree = "<group>"; };
		9A771B07206ACA25007725D4 /* BinaryTreeTester.hpp */ = {isa = PBXFileReference; lastKnownFileType = sourcecode.cpp.h; path = BinaryTreeTester.hpp; sourceTree = "<group>"; };
		9A771B0A206AD40B007725D4 /* Tree.hpp */ = {isa = PBXFileReference; lastKnownFileType = sourcecode.cpp.h; path = Tree.hpp; sourceTree = "<group>"; };
		9A77B9002060369000D52B56 /* Graph.hpp */ = {isa = PBXFileReference; lastKnownFileType = sourcecode.cpp.h; path = Graph.hpp; sourceTree = "<group>"; };
		9A90796E2022436800C380E9 /* DataInformation */ = {isa = PBXFileReference; explicitFileType = "compiled.mach-o.executable"; includeInIndex = 0; path = DataInformation; sourceTree = BUILT_PRODUCTS_DIR; };
		9A9079782022441100C380E9 /* Runner.cpp */ = {isa = PBXFileReference; lastKnownFileType = sourcecode.cpp.cpp; path = Runner.cpp; sourceTree = "<group>"; };
		9A90797B2022444700C380E9 /* Controller.cpp */ = {isa = PBXFileReference; lastKnownFileType = sourcecode.cpp.cpp; path = Controller.cpp; sourceTree = "<group>"; };
		9A90797C2022444700C380E9 /* Controller.hpp */ = {isa = PBXFileReference; lastKnownFileType = sourcecode.cpp.h; path = Controller.hpp; sourceTree = "<group>"; };
		9A90797F2022473600C380E9 /* Timer.cpp */ = {isa = PBXFileReference; lastKnownFileType = sourcecode.cpp.cpp; path = Timer.cpp; sourceTree = "<group>"; };
		9A9079802022473600C380E9 /* Timer.hpp */ = {isa = PBXFileReference; lastKnownFileType = sourcecode.cpp.h; path = Timer.hpp; sourceTree = "<group>"; };
		9A90798220224DD100C380E9 /* FileController.cpp */ = {isa = PBXFileReference; lastKnownFileType = sourcecode.cpp.cpp; path = FileController.cpp; sourceTree = "<group>"; };
		9A90798320224DD100C380E9 /* FileController.hpp */ = {isa = PBXFileReference; lastKnownFileType = sourcecode.cpp.h; path = FileController.hpp; sourceTree = "<group>"; };
		9A9079892022531100C380E9 /* crime.csv */ = {isa = PBXFileReference; lastKnownFileType = text; path = crime.csv; sourceTree = "<group>"; };
		9A90798A202253A800C380E9 /* CrimeData.cpp */ = {isa = PBXFileReference; lastKnownFileType = sourcecode.cpp.cpp; path = CrimeData.cpp; sourceTree = "<group>"; };
		9A90798B202253B300C380E9 /* CrimeData.hpp */ = {isa = PBXFileReference; lastKnownFileType = sourcecode.cpp.h; path = CrimeData.hpp; sourceTree = "<group>"; };
		9A908BE9202A33B300CBEF3C /* ArrayTester.cpp */ = {isa = PBXFileReference; lastKnownFileType = sourcecode.cpp.cpp; path = ArrayTester.cpp; sourceTree = "<group>"; };
		9A908BEA202A33B300CBEF3C /* ArrayTester.hpp */ = {isa = PBXFileReference; lastKnownFileType = sourcecode.cpp.h; path = ArrayTester.hpp; sourceTree = "<group>"; };
		9A908BEE202A41B800CBEF3C /* Node.hpp */ = {isa = PBXFileReference; lastKnownFileType = sourcecode.cpp.h; path = Node.hpp; sourceTree = "<group>"; };
		9A908BF2202A46FC00CBEF3C /* LinearNode.hpp */ = {isa = PBXFileReference; lastKnownFileType = sourcecode.cpp.h; path = LinearNode.hpp; sourceTree = "<group>"; };
		9A9378B92034BF5700EED08C /* LinkedList.hpp */ = {isa = PBXFileReference; lastKnownFileType = sourcecode.cpp.h; path = LinkedList.hpp; sourceTree = "<group>"; };
		9AB4FBA5202CE1AA0081D8F5 /* List.hpp */ = {isa = PBXFileReference; lastKnownFileType = sourcecode.cpp.h; path = List.hpp; sourceTree = "<group>"; };
		9AB4FBA8202CE9D20081D8F5 /* Nodes and LinearNodes.png */ = {isa = PBXFileReference; lastKnownFileType = image.png; path = "Nodes and LinearNodes.png"; sourceTree = "<group>"; };
		9AE32799205AE955004D67C8 /* SortingTester.cpp */ = {isa = PBXFileReference; lastKnownFileType = sourcecode.cpp.cpp; path = SortingTester.cpp; sourceTree = "<group>"; };
		9AE3279A205AE955004D67C8 /* SortingTester.hpp */ = {isa = PBXFileReference; lastKnownFileType = sourcecode.cpp.h; path = SortingTester.hpp; sourceTree = "<group>"; };
		9AEE9FC420473F96000060EE /* TestingStacksAndQueues.cpp */ = {isa = PBXFileReference; lastKnownFileType = sourcecode.cpp.cpp; path = TestingStacksAndQueues.cpp; sourceTree = "<group>"; };
		9AEE9FC520473F96000060EE /* TestingStacksAndQueues.hpp */ = {isa = PBXFileReference; lastKnownFileType = sourcecode.cpp.h; path = TestingStacksAndQueues.hpp; sourceTree = "<group>"; };
		9AFFB0ED20448FA000D419E6 /* DoubleNode.hpp */ = {isa = PBXFileReference; lastKnownFileType = sourcecode.cpp.h; path = DoubleNode.hpp; sourceTree = "<group>"; };
		9AFFB0F02044956B00D419E6 /* CircularList.hpp */ = {isa = PBXFileReference; lastKnownFileType = sourcecode.cpp.h; path = CircularList.hpp; sourceTree = "<group>"; };
/* End PBXFileReference section */

/* Begin PBXFrameworksBuildPhase section */
		9A90796B2022436800C380E9 /* Frameworks */ = {
			isa = PBXFrameworksBuildPhase;
			buildActionMask = 2147483647;
			files = (
			);
			runOnlyForDeploymentPostprocessing = 0;
		};
/* End PBXFrameworksBuildPhase section */

/* Begin PBXGroup section */
		9A6F4E5E2024EDFB00C9EF55 /* Model */ = {
			isa = PBXGroup;
			children = (
				9A908BEC202A418A00CBEF3C /* Nodes */,
			);
			path = Model;
			sourceTree = "<group>";
		};
		9A77B8FB2060360600D52B56 /* NonLinear */ = {
			isa = PBXGroup;
			children = (
				9A77B9002060369000D52B56 /* Graph.hpp */,
				9A771B0A206AD40B007725D4 /* Tree.hpp */,
			);
			path = NonLinear;
			sourceTree = "<group>";
		};
		9A9079652022436800C380E9 = {
			isa = PBXGroup;
			children = (
				9A9079702022436800C380E9 /* DataInformation */,
				9A90796F2022436800C380E9 /* Products */,
			);
			sourceTree = "<group>";
		};
		9A90796F2022436800C380E9 /* Products */ = {
			isa = PBXGroup;
			children = (
				9A90796E2022436800C380E9 /* DataInformation */,
			);
			name = Products;
			sourceTree = "<group>";
		};
		9A9079702022436800C380E9 /* DataInformation */ = {
			isa = PBXGroup;
			children = (
				9A908BE8202A338F00CBEF3C /* Testers */,
				9A6F4E5E2024EDFB00C9EF55 /* Model */,
				9A907985202252AF00C380E9 /* Data */,
				9A9079782022441100C380E9 /* Runner.cpp */,
				9A90797A2022441900C380E9 /* Controller */,
			);
			path = DataInformation;
			sourceTree = "<group>";
		};
		9A90797A2022441900C380E9 /* Controller */ = {
			isa = PBXGroup;
			children = (
				9A90797E202246BD00C380E9 /* Tools */,
				9A90797B2022444700C380E9 /* Controller.cpp */,
				9A90797C2022444700C380E9 /* Controller.hpp */,
				9A90798220224DD100C380E9 /* FileController.cpp */,
				9A90798320224DD100C380E9 /* FileController.hpp */,
			);
			path = Controller;
			sourceTree = "<group>";
		};
		9A90797E202246BD00C380E9 /* Tools */ = {
			isa = PBXGroup;
			children = (
				9A90797F2022473600C380E9 /* Timer.cpp */,
				9A9079802022473600C380E9 /* Timer.hpp */,
			);
			path = Tools;
			sourceTree = "<group>";
		};
		9A907985202252AF00C380E9 /* Data */ = {
			isa = PBXGroup;
			children = (
				9A90798B202253B300C380E9 /* CrimeData.hpp */,
				9A90798A202253A800C380E9 /* CrimeData.cpp */,
				9A9079892022531100C380E9 /* crime.csv */,
			);
			path = Data;
			sourceTree = "<group>";
		};
		9A908BE8202A338F00CBEF3C /* Testers */ = {
			isa = PBXGroup;
			children = (
				9A908BE9202A33B300CBEF3C /* ArrayTester.cpp */,
				9A908BEA202A33B300CBEF3C /* ArrayTester.hpp */,
				9A60A35C203CB8E0008C5701 /* LinkedListTester.cpp */,
				9A60A35D203CB8E0008C5701 /* LinkedListTester.hpp */,
				9AEE9FC420473F96000060EE /* TestingStacksAndQueues.cpp */,
				9AEE9FC520473F96000060EE /* TestingStacksAndQueues.hpp */,
				9A301CB3204DC5740077AF97 /* RecursionTester.cpp */,
				9A301CB4204DC5740077AF97 /* RecursionTester.hpp */,
				9AE32799205AE955004D67C8 /* SortingTester.cpp */,
				9AE3279A205AE955004D67C8 /* SortingTester.hpp */,
				9A287AD22065722C00B35C5C /* GraphTester.cpp */,
				9A287AD32065722C00B35C5C /* GraphTester.hpp */,
				9A771B06206ACA25007725D4 /* BinaryTreeTester.cpp */,
				9A771B07206ACA25007725D4 /* BinaryTreeTester.hpp */,
			);
			path = Testers;
			sourceTree = "<group>";
		};
		9A908BEC202A418A00CBEF3C /* Nodes */ = {
			isa = PBXGroup;
			children = (
				9A771B04206AC01D007725D4 /* BinaryTreeNode.hpp */,
				9AFFB0ED20448FA000D419E6 /* DoubleNode.hpp */,
				9A908BF2202A46FC00CBEF3C /* LinearNode.hpp */,
				9A908BEE202A41B800CBEF3C /* Node.hpp */,
				9A908BF0202A469200CBEF3C /* Structures */,
			);
			path = Nodes;
			sourceTree = "<group>";
		};
		9A908BF0202A469200CBEF3C /* Structures */ = {
			isa = PBXGroup;
			children = (
				9AB4FBA3202CE1430081D8F5 /* Linear */,
			);
			path = Structures;
			sourceTree = "<group>";
		};
		9AB4FBA3202CE1430081D8F5 /* Linear */ = {
			isa = PBXGroup;
			children = (
				9A77B8FB2060360600D52B56 /* NonLinear */,
				9A6F4E612024EF0600C9EF55 /* Array.hpp */,
				9A9378B92034BF5700EED08C /* LinkedList.hpp */,
				9AB4FBA8202CE9D20081D8F5 /* Nodes and LinearNodes.png */,
				9AB4FBA5202CE1AA0081D8F5 /* List.hpp */,
				9A6F25DB203F4A2100BBBB06 /* Stack.hpp */,
				9A6F25DE203F511A00BBBB06 /* Queue.hpp */,
				9AFFB0F02044956B00D419E6 /* CircularList.hpp */,
			);
			path = Linear;
			sourceTree = "<group>";
		};
/* End PBXGroup section */

/* Begin PBXNativeTarget section */
		9A90796D2022436800C380E9 /* DataInformation */ = {
			isa = PBXNativeTarget;
			buildConfigurationList = 9A9079752022436800C380E9 /* Build configuration list for PBXNativeTarget "DataInformation" */;
			buildPhases = (
				9A90796A2022436800C380E9 /* Sources */,
				9A90796B2022436800C380E9 /* Frameworks */,
				9A90796C2022436800C380E9 /* CopyFiles */,
			);
			buildRules = (
			);
			dependencies = (
			);
			name = DataInformation;
			productName = DataInformation;
			productReference = 9A90796E2022436800C380E9 /* DataInformation */;
			productType = "com.apple.product-type.tool";
		};
/* End PBXNativeTarget section */

/* Begin PBXProject section */
		9A9079662022436800C380E9 /* Project object */ = {
			isa = PBXProject;
			attributes = {
				LastUpgradeCheck = 0900;
				ORGANIZATIONNAME = "Sharp, Ryan";
				TargetAttributes = {
					9A90796D2022436800C380E9 = {
						CreatedOnToolsVersion = 9.0;
						ProvisioningStyle = Automatic;
					};
				};
			};
			buildConfigurationList = 9A9079692022436800C380E9 /* Build configuration list for PBXProject "DataInformation" */;
			compatibilityVersion = "Xcode 8.0";
			developmentRegion = en;
			hasScannedForEncodings = 0;
			knownRegions = (
				en,
			);
			mainGroup = 9A9079652022436800C380E9;
			productRefGroup = 9A90796F2022436800C380E9 /* Products */;
			projectDirPath = "";
			projectRoot = "";
			targets = (
				9A90796D2022436800C380E9 /* DataInformation */,
			);
		};
/* End PBXProject section */

/* Begin PBXSourcesBuildPhase section */
		9A90796A2022436800C380E9 /* Sources */ = {
			isa = PBXSourcesBuildPhase;
			buildActionMask = 2147483647;
			files = (
				9A301CB5204DC5740077AF97 /* RecursionTester.cpp in Sources */,
				9A9079812022473600C380E9 /* Timer.cpp in Sources */,
				9A90798C2022573E00C380E9 /* CrimeData.cpp in Sources */,
				9A9079792022441100C380E9 /* Runner.cpp in Sources */,
				9A90797D2022444700C380E9 /* Controller.cpp in Sources */,
				9A771B08206ACA25007725D4 /* BinaryTreeTester.cpp in Sources */,
				9A287AD42065722C00B35C5C /* GraphTester.cpp in Sources */,
				9AE3279B205AE955004D67C8 /* SortingTester.cpp in Sources */,
				9A60A35E203CB8E0008C5701 /* LinkedListTester.cpp in Sources */,
				9AEE9FC620473F96000060EE /* TestingStacksAndQueues.cpp in Sources */,
				9A908BEB202A33B300CBEF3C /* ArrayTester.cpp in Sources */,
				9A90798420224DD100C380E9 /* FileController.cpp in Sources */,
			);
			runOnlyForDeploymentPostprocessing = 0;
		};
/* End PBXSourcesBuildPhase section */

/* Begin XCBuildConfiguration section */
		9A9079732022436800C380E9 /* Debug */ = {
			isa = XCBuildConfiguration;
			buildSettings = {
				ALWAYS_SEARCH_USER_PATHS = NO;
				CLANG_ANALYZER_NONNULL = YES;
				CLANG_ANALYZER_NUMBER_OBJECT_CONVERSION = YES_AGGRESSIVE;
				CLANG_CXX_LANGUAGE_STANDARD = "gnu++14";
				CLANG_CXX_LIBRARY = "libc++";
				CLANG_ENABLE_MODULES = YES;
				CLANG_ENABLE_OBJC_ARC = YES;
				CLANG_WARN_BLOCK_CAPTURE_AUTORELEASING = YES;
				CLANG_WARN_BOOL_CONVERSION = YES;
				CLANG_WARN_COMMA = YES;
				CLANG_WARN_CONSTANT_CONVERSION = YES;
				CLANG_WARN_DIRECT_OBJC_ISA_USAGE = YES_ERROR;
				CLANG_WARN_DOCUMENTATION_COMMENTS = YES;
				CLANG_WARN_EMPTY_BODY = YES;
				CLANG_WARN_ENUM_CONVERSION = YES;
				CLANG_WARN_INFINITE_RECURSION = YES;
				CLANG_WARN_INT_CONVERSION = YES;
				CLANG_WARN_NON_LITERAL_NULL_CONVERSION = YES;
				CLANG_WARN_OBJC_LITERAL_CONVERSION = YES;
				CLANG_WARN_OBJC_ROOT_CLASS = YES_ERROR;
				CLANG_WARN_RANGE_LOOP_ANALYSIS = YES;
				CLANG_WARN_STRICT_PROTOTYPES = YES;
				CLANG_WARN_SUSPICIOUS_MOVE = YES;
				CLANG_WARN_UNGUARDED_AVAILABILITY = YES_AGGRESSIVE;
				CLANG_WARN_UNREACHABLE_CODE = YES;
				CLANG_WARN__DUPLICATE_METHOD_MATCH = YES;
				CODE_SIGN_IDENTITY = "-";
				COPY_PHASE_STRIP = NO;
				DEBUG_INFORMATION_FORMAT = dwarf;
				ENABLE_STRICT_OBJC_MSGSEND = YES;
				ENABLE_TESTABILITY = YES;
				GCC_C_LANGUAGE_STANDARD = gnu11;
				GCC_DYNAMIC_NO_PIC = NO;
				GCC_NO_COMMON_BLOCKS = YES;
				GCC_OPTIMIZATION_LEVEL = 0;
				GCC_PREPROCESSOR_DEFINITIONS = (
					"DEBUG=1",
					"$(inherited)",
				);
				GCC_WARN_64_TO_32_BIT_CONVERSION = YES;
				GCC_WARN_ABOUT_RETURN_TYPE = YES_ERROR;
				GCC_WARN_UNDECLARED_SELECTOR = YES;
				GCC_WARN_UNINITIALIZED_AUTOS = YES_AGGRESSIVE;
				GCC_WARN_UNUSED_FUNCTION = YES;
				GCC_WARN_UNUSED_VARIABLE = YES;
				MACOSX_DEPLOYMENT_TARGET = 10.13;
				MTL_ENABLE_DEBUG_INFO = YES;
				ONLY_ACTIVE_ARCH = YES;
				SDKROOT = macosx;
			};
			name = Debug;
		};
		9A9079742022436800C380E9 /* Release */ = {
			isa = XCBuildConfiguration;
			buildSettings = {
				ALWAYS_SEARCH_USER_PATHS = NO;
				CLANG_ANALYZER_NONNULL = YES;
				CLANG_ANALYZER_NUMBER_OBJECT_CONVERSION = YES_AGGRESSIVE;
				CLANG_CXX_LANGUAGE_STANDARD = "gnu++14";
				CLANG_CXX_LIBRARY = "libc++";
				CLANG_ENABLE_MODULES = YES;
				CLANG_ENABLE_OBJC_ARC = YES;
				CLANG_WARN_BLOCK_CAPTURE_AUTORELEASING = YES;
				CLANG_WARN_BOOL_CONVERSION = YES;
				CLANG_WARN_COMMA = YES;
				CLANG_WARN_CONSTANT_CONVERSION = YES;
				CLANG_WARN_DIRECT_OBJC_ISA_USAGE = YES_ERROR;
				CLANG_WARN_DOCUMENTATION_COMMENTS = YES;
				CLANG_WARN_EMPTY_BODY = YES;
				CLANG_WARN_ENUM_CONVERSION = YES;
				CLANG_WARN_INFINITE_RECURSION = YES;
				CLANG_WARN_INT_CONVERSION = YES;
				CLANG_WARN_NON_LITERAL_NULL_CONVERSION = YES;
				CLANG_WARN_OBJC_LITERAL_CONVERSION = YES;
				CLANG_WARN_OBJC_ROOT_CLASS = YES_ERROR;
				CLANG_WARN_RANGE_LOOP_ANALYSIS = YES;
				CLANG_WARN_STRICT_PROTOTYPES = YES;
				CLANG_WARN_SUSPICIOUS_MOVE = YES;
				CLANG_WARN_UNGUARDED_AVAILABILITY = YES_AGGRESSIVE;
				CLANG_WARN_UNREACHABLE_CODE = YES;
				CLANG_WARN__DUPLICATE_METHOD_MATCH = YES;
				CODE_SIGN_IDENTITY = "-";
				COPY_PHASE_STRIP = NO;
				DEBUG_INFORMATION_FORMAT = "dwarf-with-dsym";
				ENABLE_NS_ASSERTIONS = NO;
				ENABLE_STRICT_OBJC_MSGSEND = YES;
				GCC_C_LANGUAGE_STANDARD = gnu11;
				GCC_NO_COMMON_BLOCKS = YES;
				GCC_WARN_64_TO_32_BIT_CONVERSION = YES;
				GCC_WARN_ABOUT_RETURN_TYPE = YES_ERROR;
				GCC_WARN_UNDECLARED_SELECTOR = YES;
				GCC_WARN_UNINITIALIZED_AUTOS = YES_AGGRESSIVE;
				GCC_WARN_UNUSED_FUNCTION = YES;
				GCC_WARN_UNUSED_VARIABLE = YES;
				MACOSX_DEPLOYMENT_TARGET = 10.13;
				MTL_ENABLE_DEBUG_INFO = NO;
				SDKROOT = macosx;
			};
			name = Release;
		};
		9A9079762022436800C380E9 /* Debug */ = {
			isa = XCBuildConfiguration;
			buildSettings = {
				CODE_SIGN_STYLE = Automatic;
				PRODUCT_NAME = "$(TARGET_NAME)";
			};
			name = Debug;
		};
		9A9079772022436800C380E9 /* Release */ = {
			isa = XCBuildConfiguration;
			buildSettings = {
				CODE_SIGN_STYLE = Automatic;
				PRODUCT_NAME = "$(TARGET_NAME)";
			};
			name = Release;
		};
/* End XCBuildConfiguration section */

/* Begin XCConfigurationList section */
		9A9079692022436800C380E9 /* Build configuration list for PBXProject "DataInformation" */ = {
			isa = XCConfigurationList;
			buildConfigurations = (
				9A9079732022436800C380E9 /* Debug */,
				9A9079742022436800C380E9 /* Release */,
			);
			defaultConfigurationIsVisible = 0;
			defaultConfigurationName = Release;
		};
		9A9079752022436800C380E9 /* Build configuration list for PBXNativeTarget "DataInformation" */ = {
			isa = XCConfigurationList;
			buildConfigurations = (
				9A9079762022436800C380E9 /* Debug */,
				9A9079772022436800C380E9 /* Release */,
			);
			defaultConfigurationIsVisible = 0;
			defaultConfigurationName = Release;
		};
/* End XCConfigurationList section */
	};
	rootObject = 9A9079662022436800C380E9 /* Project object */;
}
